
Microsoft Visual Studio Solution File, Format Version 12.00
# Visual Studio Version 17
VisualStudioVersion = 17.6.33723.286
MinimumVisualStudioVersion = 10.0.40219.1
Project("{2150E333-8FDC-42A3-9474-1A3956D46DE8}") = "src", "src", "{E14E5BED-3D93-4580-B26C-5E30FA8DEF79}"
EndProject
Project("{2150E333-8FDC-42A3-9474-1A3956D46DE8}") = "Core", "Core", "{007E046D-24DE-45EE-8FCE-69EDF26CB6F7}"
EndProject
Project("{9A19103F-16F7-4668-BE54-9A1E7A4F7556}") = "AppizsoftApp.Domain", "src\Core\AppizsoftApp.Domain\AppizsoftApp.Domain.csproj", "{A95D712C-D83F-4ADF-92AF-15E64DE77556}"
EndProject
Project("{9A19103F-16F7-4668-BE54-9A1E7A4F7556}") = "AppizsoftApp.Application", "src\Core\AppizsoftApp.Application\AppizsoftApp.Application.csproj", "{5E954C94-37B4-47B0-8C94-18B0CD8C7C80}"
EndProject
Project("{2150E333-8FDC-42A3-9474-1A3956D46DE8}") = "Infrastructure", "Infrastructure", "{07A47808-5F3E-4804-BC07-FD205F235ABE}"
EndProject
Project("{9A19103F-16F7-4668-BE54-9A1E7A4F7556}") = "AppizsoftApp.Persistence", "src\Infrastructure\AppizsoftApp.Persistence\AppizsoftApp.Persistence.csproj", "{92971145-8BC0-4B24-8804-8A02DAF1AD15}"
EndProject
Project("{2150E333-8FDC-42A3-9474-1A3956D46DE8}") = "Solution Items", "Solution Items", "{E4E9D014-CFD3-48ED-AFF4-33FA711F2874}"
	ProjectSection(SolutionItems) = preProject
		.gitattributes = .gitattributes
		.gitignore = .gitignore
	EndProjectSection
EndProject
Project("{2150E333-8FDC-42A3-9474-1A3956D46DE8}") = "Presentation", "Presentation", "{57654279-2CA4-4CCC-9E03-2AD97A4EEB52}"
EndProject
Project("{9A19103F-16F7-4668-BE54-9A1E7A4F7556}") = "AppizsoftApp.WebApi", "src\Presentation\AppizsoftApp.WebApi\AppizsoftApp.WebApi.csproj", "{099D77CE-8EE2-482E-A339-9A464D6CB774}"
EndProject
Project("{9A19103F-16F7-4668-BE54-9A1E7A4F7556}") = "AppizsoftApp.RabbitMQ", "src\Infrastructure\AppizsoftApp.RabbitMQ\AppizsoftApp.RabbitMQ.csproj", "{6648C834-1B86-4EA2-A1B4-DFA24A5B1118}"
EndProject
Project("{2150E333-8FDC-42A3-9474-1A3956D46DE8}") = "Test", "Test", "{3FB9EDFD-DCB4-49DE-97D6-2C9E1F54E76E}"
EndProject
Project("{9A19103F-16F7-4668-BE54-9A1E7A4F7556}") = "AppizsoftApp.SignalR", "src\Infrastructure\AppizsoftApp.SignalR\AppizsoftApp.SignalR.csproj", "{4B62E401-832D-4BCD-8008-5BEF256C08FA}"
EndProject
Project("{2150E333-8FDC-42A3-9474-1A3956D46DE8}") = "Core", "Core", "{6F135FA0-F51C-4D43-8AA2-DFDD7F35031D}"
EndProject
Project("{2150E333-8FDC-42A3-9474-1A3956D46DE8}") = "Infrastructure", "Infrastructure", "{7389B1B7-F904-424F-8E2E-603336E58538}"
EndProject
Project("{2150E333-8FDC-42A3-9474-1A3956D46DE8}") = "Presentation", "Presentation", "{672257C1-D341-4F6A-99D8-54CD99242B84}"
EndProject
Project("{FAE04EC0-301F-11D3-BF4B-00C04F79EFBC}") = "AppizsoftApp.StorageService", "src\Infrastructure\AppizsoftApp.StorageService\AppizsoftApp.StorageService.csproj", "{66CEEC3F-4715-47AD-B023-08B668BB7321}"
EndProject
Project("{FAE04EC0-301F-11D3-BF4B-00C04F79EFBC}") = "AppizsoftApp.LoggingAndMonitoring", "src\Infrastructure\AppizsoftApp.LoggingAndMonitoring\AppizsoftApp.LoggingAndMonitoring.csproj", "{32F5B9BF-A6A9-4992-BE19-58CA88AEF739}"
EndProject
Project("{FAE04EC0-301F-11D3-BF4B-00C04F79EFBC}") = "AppizsoftApp.Security", "src\Infrastructure\AppizsoftApp.Security\AppizsoftApp.Security.csproj", "{A1A93C62-DE6E-4E0B-9AB0-40530685A17B}"
EndProject
Project("{FAE04EC0-301F-11D3-BF4B-00C04F79EFBC}") = "AppizsoftApp.EmailService", "src\Infrastructure\AppizsoftApp.EmailService\AppizsoftApp.EmailService.csproj", "{2B076873-C32F-4C5B-84AF-FB72EAF42142}"
EndProject
Global
	GlobalSection(SolutionConfigurationPlatforms) = preSolution
		Debug|Any CPU = Debug|Any CPU
		Release|Any CPU = Release|Any CPU
	EndGlobalSection
	GlobalSection(ProjectConfigurationPlatforms) = postSolution
		{A95D712C-D83F-4ADF-92AF-15E64DE77556}.Debug|Any CPU.ActiveCfg = Debug|Any CPU
		{A95D712C-D83F-4ADF-92AF-15E64DE77556}.Debug|Any CPU.Build.0 = Debug|Any CPU
		{A95D712C-D83F-4ADF-92AF-15E64DE77556}.Release|Any CPU.ActiveCfg = Release|Any CPU
		{A95D712C-D83F-4ADF-92AF-15E64DE77556}.Release|Any CPU.Build.0 = Release|Any CPU
		{5E954C94-37B4-47B0-8C94-18B0CD8C7C80}.Debug|Any CPU.ActiveCfg = Debug|Any CPU
		{5E954C94-37B4-47B0-8C94-18B0CD8C7C80}.Debug|Any CPU.Build.0 = Debug|Any CPU
		{5E954C94-37B4-47B0-8C94-18B0CD8C7C80}.Release|Any CPU.ActiveCfg = Release|Any CPU
		{5E954C94-37B4-47B0-8C94-18B0CD8C7C80}.Release|Any CPU.Build.0 = Release|Any CPU
		{92971145-8BC0-4B24-8804-8A02DAF1AD15}.Debug|Any CPU.ActiveCfg = Debug|Any CPU
		{92971145-8BC0-4B24-8804-8A02DAF1AD15}.Debug|Any CPU.Build.0 = Debug|Any CPU
		{92971145-8BC0-4B24-8804-8A02DAF1AD15}.Release|Any CPU.ActiveCfg = Release|Any CPU
		{92971145-8BC0-4B24-8804-8A02DAF1AD15}.Release|Any CPU.Build.0 = Release|Any CPU
		{099D77CE-8EE2-482E-A339-9A464D6CB774}.Debug|Any CPU.ActiveCfg = Debug|Any CPU
		{099D77CE-8EE2-482E-A339-9A464D6CB774}.Debug|Any CPU.Build.0 = Debug|Any CPU
		{099D77CE-8EE2-482E-A339-9A464D6CB774}.Release|Any CPU.ActiveCfg = Release|Any CPU
		{099D77CE-8EE2-482E-A339-9A464D6CB774}.Release|Any CPU.Build.0 = Release|Any CPU
		{6648C834-1B86-4EA2-A1B4-DFA24A5B1118}.Debug|Any CPU.ActiveCfg = Debug|Any CPU
		{6648C834-1B86-4EA2-A1B4-DFA24A5B1118}.Debug|Any CPU.Build.0 = Debug|Any CPU
		{6648C834-1B86-4EA2-A1B4-DFA24A5B1118}.Release|Any CPU.ActiveCfg = Release|Any CPU
		{6648C834-1B86-4EA2-A1B4-DFA24A5B1118}.Release|Any CPU.Build.0 = Release|Any CPU
		{4B62E401-832D-4BCD-8008-5BEF256C08FA}.Debug|Any CPU.ActiveCfg = Debug|Any CPU
		{4B62E401-832D-4BCD-8008-5BEF256C08FA}.Debug|Any CPU.Build.0 = Debug|Any CPU
		{4B62E401-832D-4BCD-8008-5BEF256C08FA}.Release|Any CPU.ActiveCfg = Release|Any CPU
		{4B62E401-832D-4BCD-8008-5BEF256C08FA}.Release|Any CPU.Build.0 = Release|Any CPU
		{66CEEC3F-4715-47AD-B023-08B668BB7321}.Debug|Any CPU.ActiveCfg = Debug|Any CPU
		{66CEEC3F-4715-47AD-B023-08B668BB7321}.Debug|Any CPU.Build.0 = Debug|Any CPU
		{66CEEC3F-4715-47AD-B023-08B668BB7321}.Release|Any CPU.ActiveCfg = Release|Any CPU
		{66CEEC3F-4715-47AD-B023-08B668BB7321}.Release|Any CPU.Build.0 = Release|Any CPU
		{32F5B9BF-A6A9-4992-BE19-58CA88AEF739}.Debug|Any CPU.ActiveCfg = Debug|Any CPU
		{32F5B9BF-A6A9-4992-BE19-58CA88AEF739}.Debug|Any CPU.Build.0 = Debug|Any CPU
		{32F5B9BF-A6A9-4992-BE19-58CA88AEF739}.Release|Any CPU.ActiveCfg = Release|Any CPU
		{32F5B9BF-A6A9-4992-BE19-58CA88AEF739}.Release|Any CPU.Build.0 = Release|Any CPU
		{A1A93C62-DE6E-4E0B-9AB0-40530685A17B}.Debug|Any CPU.ActiveCfg = Debug|Any CPU
		{A1A93C62-DE6E-4E0B-9AB0-40530685A17B}.Debug|Any CPU.Build.0 = Debug|Any CPU
		{A1A93C62-DE6E-4E0B-9AB0-40530685A17B}.Release|Any CPU.ActiveCfg = Release|Any CPU
		{A1A93C62-DE6E-4E0B-9AB0-40530685A17B}.Release|Any CPU.Build.0 = Release|Any CPU
		{2B076873-C32F-4C5B-84AF-FB72EAF42142}.Debug|Any CPU.ActiveCfg = Debug|Any CPU
		{2B076873-C32F-4C5B-84AF-FB72EAF42142}.Debug|Any CPU.Build.0 = Debug|Any CPU
		{2B076873-C32F-4C5B-84AF-FB72EAF42142}.Release|Any CPU.ActiveCfg = Release|Any CPU
		{2B076873-C32F-4C5B-84AF-FB72EAF42142}.Release|Any CPU.Build.0 = Release|Any CPU
	EndGlobalSection
	GlobalSection(SolutionProperties) = preSolution
		HideSolutionNode = FALSE
	EndGlobalSection
	GlobalSection(NestedProjects) = preSolution
		{007E046D-24DE-45EE-8FCE-69EDF26CB6F7} = {E14E5BED-3D93-4580-B26C-5E30FA8DEF79}
		{A95D712C-D83F-4ADF-92AF-15E64DE77556} = {007E046D-24DE-45EE-8FCE-69EDF26CB6F7}
		{5E954C94-37B4-47B0-8C94-18B0CD8C7C80} = {007E046D-24DE-45EE-8FCE-69EDF26CB6F7}
		{07A47808-5F3E-4804-BC07-FD205F235ABE} = {E14E5BED-3D93-4580-B26C-5E30FA8DEF79}
		{92971145-8BC0-4B24-8804-8A02DAF1AD15} = {07A47808-5F3E-4804-BC07-FD205F235ABE}
		{57654279-2CA4-4CCC-9E03-2AD97A4EEB52} = {E14E5BED-3D93-4580-B26C-5E30FA8DEF79}
		{099D77CE-8EE2-482E-A339-9A464D6CB774} = {57654279-2CA4-4CCC-9E03-2AD97A4EEB52}
		{6648C834-1B86-4EA2-A1B4-DFA24A5B1118} = {07A47808-5F3E-4804-BC07-FD205F235ABE}
		{3FB9EDFD-DCB4-49DE-97D6-2C9E1F54E76E} = {E14E5BED-3D93-4580-B26C-5E30FA8DEF79}
		{4B62E401-832D-4BCD-8008-5BEF256C08FA} = {07A47808-5F3E-4804-BC07-FD205F235ABE}
		{6F135FA0-F51C-4D43-8AA2-DFDD7F35031D} = {3FB9EDFD-DCB4-49DE-97D6-2C9E1F54E76E}
		{7389B1B7-F904-424F-8E2E-603336E58538} = {3FB9EDFD-DCB4-49DE-97D6-2C9E1F54E76E}
		{672257C1-D341-4F6A-99D8-54CD99242B84} = {3FB9EDFD-DCB4-49DE-97D6-2C9E1F54E76E}
		{66CEEC3F-4715-47AD-B023-08B668BB7321} = {07A47808-5F3E-4804-BC07-FD205F235ABE}
		{32F5B9BF-A6A9-4992-BE19-58CA88AEF739} = {07A47808-5F3E-4804-BC07-FD205F235ABE}
		{A1A93C62-DE6E-4E0B-9AB0-40530685A17B} = {07A47808-5F3E-4804-BC07-FD205F235ABE}
		{2B076873-C32F-4C5B-84AF-FB72EAF42142} = {07A47808-5F3E-4804-BC07-FD205F235ABE}
	EndGlobalSection
	GlobalSection(ExtensibilityGlobals) = postSolution
		SolutionGuid = {3729C3E0-D40D-4E74-A1AD-5B43334556AD}
	EndGlobalSection
EndGlobal
